{
  "name": "assets",
  "version": "1.0.0",
  "lockfileVersion": 3,
  "requires": true,
  "packages": {
    "": {
      "name": "assets",
      "version": "1.0.0",
      "license": "ISC",
      "dependencies": {
        "bun-types": "^1.1.8",
        "e2ee.js": "^1.1.7",
        "typescript": "^5.4.5",
        "undici-types": "^5.26.5"
      },
      "devDependencies": {}
    },
    "node_modules/@types/node": {
      "version": "20.12.12",
      "license": "MIT",
      "dependencies": {
        "undici-types": "~5.26.4"
      }
    },
    "node_modules/@types/ws": {
      "version": "8.5.10",
      "license": "MIT",
      "dependencies": {
        "@types/node": "*"
      }
    },
    "node_modules/bun-types": {
      "version": "1.1.8",
      "license": "MIT",
      "dependencies": {
        "@types/node": "~20.12.8",
        "@types/ws": "~8.5.10"
      }
    },
    "node_modules/e2ee.js": {
      "version": "1.1.7",
      "resolved": "https://registry.npmjs.org/e2ee.js/-/e2ee.js-1.1.7.tgz",
      "integrity": "sha512-mYT6ijFkIUpBUAY+U/mH8yiPTrq7LTUjjWoItHi+GTaSetoitp8ar+y9FLB0yFN8T/8S4wu6Ka7hYnRY12ohxA=="
    },
    "node_modules/typescript": {
      "version": "5.4.5",
      "license": "Apache-2.0",
      "bin": {
        "tsc": "bin/tsc",
        "tsserver": "bin/tsserver"
      },
      "engines": {
        "node": ">=14.17"
      }
    },
    "node_modules/undici-types": {
      "version": "5.26.5",
      "license": "MIT"
    }
  }
}
